
Microsoft Visual Studio Solution File, Format Version 12.00
# Visual Studio Version 17
VisualStudioVersion = 17.4.33205.214
MinimumVisualStudioVersion = 10.0.40219.1
Project("{888888A0-9F3D-457C-B088-3A5042F75D52}") = "DanilaIvanovlogit23", "DanilaIvanovlogit23\DanilaIvanovlogit23.pyproj", "{05CE540E-7CBE-4CBB-9E8A-3A6C27B2D7B2}"
EndProject
Global
	GlobalSection(SolutionConfigurationPlatforms) = preSolution
		Debug|Any CPU = Debug|Any CPU
		Release|Any CPU = Release|Any CPU
	EndGlobalSection
	GlobalSection(ProjectConfigurationPlatforms) = postSolution
		{05CE540E-7CBE-4CBB-9E8A-3A6C27B2D7B2}.Debug|Any CPU.ActiveCfg = Debug|Any CPU
		{05CE540E-7CBE-4CBB-9E8A-3A6C27B2D7B2}.Release|Any CPU.ActiveCfg = Release|Any CPU
	EndGlobalSection
	GlobalSection(SolutionProperties) = preSolution
		HideSolutionNode = FALSE
	EndGlobalSection
	GlobalSection(ExtensibilityGlobals) = postSolution
		SolutionGuid = {9F97A285-AF89-4687-A88E-1751D1364913}
	EndGlobalSection
EndGlobal
